<Solution>
  <Project Path="CountriesAssignment/CountriesAssignment.csproj" Id="934e2bf6-c2ed-4a41-8f1b-100842a29de7" />
  <Project Path="CustomRouteConstraint/CustomRouteConstraint.csproj" />
  <Project Path="RouteParametersAndDefaultAndOptional/RouteParametersAndDefaultAndOptional.csproj" />
  <Project Path="Routing1/RoutingMapMethod.csproj" />
  <Project Path="RoutingConstraints/RoutingConstraints.csproj" />
</Solution>
