<Solution>
  <Project Path="CustomModelBinder/CustomModelBinder.csproj" Id="a3ffbe69-1067-4994-b150-a18a7ad4a463" />
  <Project Path="Form URLEncoded and Form Data/Form URLEncoded and Form Data.csproj" Id="613f6ca4-c80f-4c41-863e-923b3f083d38" />
  <Project Path="Model Class/Model Class.csproj" />
</Solution>
