<Solution>
  <Project Path="Layout Views1/Layout Views1.csproj" Id="291f57f5-04c4-471d-9c54-d89441375107" />
  <Project Path="Views1/Views1.csproj" />
  <Project Path="Weather App/Weather App.csproj" Id="9bf32bb4-7809-4cd5-acdf-7a1327db785b" />
  <Project Path="WeatherAppWithLayout/WeatherAppWithLayout.csproj" Id="082faf6a-6c50-44f6-a059-69d858f817d9" />
</Solution>
