<Solution>
  <Project Path="BankApplication/BankApplication.csproj" Id="4f896a82-8cef-41f9-bc47-da2304f46277" />
  <Project Path="Content Result Json Result/Content Result Json Result.csproj" Id="cb4a71e8-fb7c-4931-80ef-0876525ea85c" />
  <Project Path="Controller 1/Controller 1.csproj" />
  <Project Path="File Results/File Results.csproj" Id="960432a4-b9d2-48f8-9c13-c7ae486846f0" />
  <Project Path="IAction Result/IAction Result.csproj" Id="6061650a-ab38-4c67-97db-114143c3440e" />
</Solution>
