<Solution>
  <Project Path="PartialView1/PartialView1.csproj" />
  <Project Path="ViewComponent1/ViewComponent1.csproj" Id="c83bdc9a-0ec9-4547-9d68-89af7cce19ad" />
  <Project Path="WeatherAppViewComponents/WeatherAppViewComponents.csproj" Id="a5983009-bc8e-4734-beb7-51ca4900d1e9" />
  <Project Path="WeatherAppWithPartialView/WeatherAppWithPartialView.csproj" Id="99d565ed-d81d-4577-a43c-3fbf020a937b" />
</Solution>
