<Solution>
  <Project Path="CountriesService/Services.csproj" />
  <Project Path="CRUDApp1/CRUDApp1.csproj" />
  <Project Path="CrudTest1/CrudTest1.csproj" />
  <Project Path="Entities/Entities.csproj" />
  <Project Path="ServiceContracts/ServiceContracts.csproj" />
  <Project Path="StocksAppWithUnitTest/StocksAppWithUnitTest.csproj" Id="a3eaf407-34b3-4d74-a25f-8aaec75ec107" />
</Solution>
