<Solution>
  <Folder Name="/src/">
    <Project Path="../CleanArchitecture/ContactsManager.Core/ContactsManager.Core.csproj" />
    <Project Path="../CleanArchitecture/ContactsManager.Infrastructure/ContactsManager.Infrastructure.csproj" />
    <Project Path="../CleanArchitecture/ContactsManager.UI/ContactsManager.UI.csproj" />
  </Folder>
  <Folder Name="/test/" />
</Solution>
